PODS:
  - pop (1.0.9)
  - XHRealTimeBlur (1.7)

DEPENDENCIES:
  - pop
  - XHRealTimeBlur (from `git@github.com:cwx1056/XHRealTimeBlur.git`)

EXTERNAL SOURCES:
  XHRealTimeBlur:
    :git: git@github.com:cwx1056/XHRealTimeBlur.git

CHECKOUT OPTIONS:
  XHRealTimeBlur:
    :commit: 276996012bb946218f08126d09ab4a81847cb3d3
    :git: git@github.com:cwx1056/XHRealTimeBlur.git

SPEC CHECKSUMS:
  pop: f667631a5108a2e60d9e8797c9b32ddaf2080bce
  XHRealTimeBlur: 661fadd5691ba2d349758e8fd5fbdb499ac55f8c

PODFILE CHECKSUM: b0a21146387088ad0d0bf97bfdd68bfdc0608507

COCOAPODS: 1.1.0.rc.2
